
Microsoft Visual Studio Solution File, Format Version 12.00
# Visual Studio Version 16
VisualStudioVersion = 16.0.30104.148
MinimumVisualStudioVersion = 10.0.40219.1
Project("{FAE04EC0-301F-11D3-BF4B-00C04F79EFBC}") = "RuletOyunu", "RuletOyunu\RuletOyunu.csproj", "{81A2AD6C-0DDF-4921-8AC7-D7DD5BE629A0}"
EndProject
Global
	GlobalSection(SolutionConfigurationPlatforms) = preSolution
		Debug|Any CPU = Debug|Any CPU
		Release|Any CPU = Release|Any CPU
	EndGlobalSection
	GlobalSection(ProjectConfigurationPlatforms) = postSolution
		{81A2AD6C-0DDF-4921-8AC7-D7DD5BE629A0}.Debug|Any CPU.ActiveCfg = Debug|Any CPU
		{81A2AD6C-0DDF-4921-8AC7-D7DD5BE629A0}.Debug|Any CPU.Build.0 = Debug|Any CPU
		{81A2AD6C-0DDF-4921-8AC7-D7DD5BE629A0}.Release|Any CPU.ActiveCfg = Release|Any CPU
		{81A2AD6C-0DDF-4921-8AC7-D7DD5BE629A0}.Release|Any CPU.Build.0 = Release|Any CPU
	EndGlobalSection
	GlobalSection(SolutionProperties) = preSolution
		HideSolutionNode = FALSE
	EndGlobalSection
	GlobalSection(ExtensibilityGlobals) = postSolution
		SolutionGuid = {69B016F4-4381-4B45-A0EC-6C68D4DB7C62}
	EndGlobalSection
EndGlobal
